
Microsoft Visual Studio Solution File, Format Version 12.00
# Visual Studio Version 17
VisualStudioVersion = 17.3.32825.248
MinimumVisualStudioVersion = 10.0.40219.1
Project("{2150E333-8FDC-42A3-9474-1A3956D46DE8}") = "src", "src", "{D29C357F-B579-4507-A477-8164697AE01F}"
EndProject
Project("{2150E333-8FDC-42A3-9474-1A3956D46DE8}") = "Solution Items", "Solution Items", "{230780AC-558E-415D-9891-253C13C95D65}"
	ProjectSection(SolutionItems) = preProject
		ServiceUrls.txt = ServiceUrls.txt
	EndProjectSection
EndProject
Project("{2150E333-8FDC-42A3-9474-1A3956D46DE8}") = "ApiGateways", "ApiGateways", "{CCD66BA7-1414-4D2E-AED1-B911F6757BA6}"
EndProject
Project("{2150E333-8FDC-42A3-9474-1A3956D46DE8}") = "BuildingBlocks", "BuildingBlocks", "{8DD15284-7B86-4E05-ABE2-FB508187B054}"
EndProject
Project("{2150E333-8FDC-42A3-9474-1A3956D46DE8}") = "Services", "Services", "{B456B582-E0B3-4FDC-AF20-7A761AC97C18}"
EndProject
Project("{2150E333-8FDC-42A3-9474-1A3956D46DE8}") = "Clients", "Clients", "{CB3AFD7A-86D7-4533-8FA4-AE35AEB37846}"
EndProject
Project("{2150E333-8FDC-42A3-9474-1A3956D46DE8}") = "WebApiGateway", "WebApiGateway", "{5AFAAFCF-7B28-425A-AC20-216761049FFF}"
EndProject
Project("{9A19103F-16F7-4668-BE54-9A1E7A4F7556}") = "Web.ApiGateway", "src\ApiGateways\WebApiGateway\Web.ApiGateway\Web.ApiGateway.csproj", "{D54926E4-F737-4AE6-AB3B-B455617F9CFB}"
EndProject
Project("{2150E333-8FDC-42A3-9474-1A3956D46DE8}") = "EventBus", "EventBus", "{9DBE6BE6-C2EA-4824-9B52-56102561A76D}"
EndProject
Project("{9A19103F-16F7-4668-BE54-9A1E7A4F7556}") = "EventBus.Base", "src\BuildingBlocks\EventBus\EventBus.Base\EventBus.Base.csproj", "{82F6445F-19ED-41C9-AA2D-77770C9763DE}"
EndProject
Project("{9A19103F-16F7-4668-BE54-9A1E7A4F7556}") = "EventBus.Factory", "src\BuildingBlocks\EventBus\EventBus.Factory\EventBus.Factory.csproj", "{DBCCF096-D1F7-4315-8181-FD93227BC7F1}"
EndProject
Project("{9A19103F-16F7-4668-BE54-9A1E7A4F7556}") = "EventBus.AzureServiceBus", "src\BuildingBlocks\EventBus\EventBus.AzureServiceBus\EventBus.AzureServiceBus.csproj", "{138CDE7A-F43F-4DD8-8FE2-2C485F8F7700}"
EndProject
Project("{9A19103F-16F7-4668-BE54-9A1E7A4F7556}") = "EventBus.RabbitMQ", "src\BuildingBlocks\EventBus\EventBus.RabbitMQ\EventBus.RabbitMQ.csproj", "{141E2EDE-E55D-4D52-A253-1B880AFF509B}"
EndProject
Project("{2150E333-8FDC-42A3-9474-1A3956D46DE8}") = "BlazorWebApp", "BlazorWebApp", "{A465F758-32C6-4308-BEA9-D829A4851532}"
EndProject
Project("{2150E333-8FDC-42A3-9474-1A3956D46DE8}") = "IdentityService", "IdentityService", "{680950CC-25A2-418C-B9EB-83FBA6433EBD}"
EndProject
Project("{9A19103F-16F7-4668-BE54-9A1E7A4F7556}") = "IdentityService.Api", "src\Services\IdentityService\IdentityService.Api\IdentityService.Api.csproj", "{CA4EDB45-2785-419A-AB63-113365A927CF}"
EndProject
Project("{2150E333-8FDC-42A3-9474-1A3956D46DE8}") = "NotificationService", "NotificationService", "{63A36BE6-1AD9-4E91-A721-9DC160CB8035}"
EndProject
Project("{9A19103F-16F7-4668-BE54-9A1E7A4F7556}") = "NotificationService", "src\Services\NotificationService\NotificationService\NotificationService.csproj", "{1FEDEBD1-D5FA-4FDC-B904-C5076BC56827}"
EndProject
Project("{2150E333-8FDC-42A3-9474-1A3956D46DE8}") = "PaymentService", "PaymentService", "{81812F33-938C-47FC-8F86-DBBBAD48C004}"
EndProject
Project("{9A19103F-16F7-4668-BE54-9A1E7A4F7556}") = "PaymentService.Api", "src\Services\PaymentService\PaymentService.Api\PaymentService.Api.csproj", "{44DB9E64-C951-423B-BDC5-6AACDCF3BC24}"
EndProject
Project("{2150E333-8FDC-42A3-9474-1A3956D46DE8}") = "CatalogService", "CatalogService", "{853C60C0-FD35-43AB-A821-528E582A0497}"
EndProject
Project("{9A19103F-16F7-4668-BE54-9A1E7A4F7556}") = "CatalogService.Api", "src\Services\CatalogService\CatalogService.Api\CatalogService.Api.csproj", "{E0A35BD5-BFFC-4C8E-943A-F4D4B2547A8F}"
EndProject
Project("{2150E333-8FDC-42A3-9474-1A3956D46DE8}") = "tests", "tests", "{19EBFBE6-F0A3-4829-9C42-C0491FCCB028}"
EndProject
Project("{2150E333-8FDC-42A3-9474-1A3956D46DE8}") = "BuildingBlocks", "BuildingBlocks", "{6AEC2909-5C5D-466C-BA09-2F3CF4F65ACB}"
EndProject
Project("{9A19103F-16F7-4668-BE54-9A1E7A4F7556}") = "EventBus.UnitTest", "tests\BuldingBlocks\EventBus.UnitTest\EventBus.UnitTest.csproj", "{73CEC710-2989-4913-9C34-7D7C188A211A}"
EndProject
Project("{2150E333-8FDC-42A3-9474-1A3956D46DE8}") = "BasketService", "BasketService", "{E8286530-4E10-4F82-A485-0BAF5D6DAE6D}"
EndProject
Project("{9A19103F-16F7-4668-BE54-9A1E7A4F7556}") = "BasketService.Api", "src\Services\BasketService\BasketService.Api\BasketService.Api.csproj", "{6DA72E5A-71ED-462D-8DA9-DDB8F6178116}"
EndProject
Project("{2150E333-8FDC-42A3-9474-1A3956D46DE8}") = "OrderService", "OrderService", "{6E7E4427-9308-4CC4-BA47-5B08109EF773}"
EndProject
Project("{9A19103F-16F7-4668-BE54-9A1E7A4F7556}") = "OrderService.Domain", "src\Services\OrderService\OrderService.Domain\OrderService.Domain.csproj", "{B87BA50F-C1DD-4528-A08B-D1467D74CFB5}"
EndProject
Project("{9A19103F-16F7-4668-BE54-9A1E7A4F7556}") = "OrderService.Application", "src\Services\OrderService\OrderService.Application\OrderService.Application.csproj", "{9ADE7441-3E6C-46DA-AA2C-0E6334A193BE}"
EndProject
Project("{9A19103F-16F7-4668-BE54-9A1E7A4F7556}") = "OrderService.Infrastructure", "src\Services\OrderService\OrderService.Infrastructure\OrderService.Infrastructure.csproj", "{F90FDA0D-27D7-49D3-93F2-5ABD4EAAE98C}"
EndProject
Project("{9A19103F-16F7-4668-BE54-9A1E7A4F7556}") = "OrderService.Api", "src\Services\OrderService\OrderService.Api\OrderService.Api.csproj", "{6F50DE66-AA56-41D7-B40C-5B30AD8FA0B6}"
EndProject
Project("{E53339B2-1760-4266-BCC7-CA923CBCF16C}") = "docker-compose", "docker-compose.dcproj", "{849483E4-5C8D-4E03-9331-222B3C37AC4A}"
EndProject
Project("{9A19103F-16F7-4668-BE54-9A1E7A4F7556}") = "WebUI", "src\Clients\BlazorWebApp\WebUI\WebUI.csproj", "{BBE6B58B-483D-4C59-89C1-65A53B88567A}"
EndProject
Global
	GlobalSection(SolutionConfigurationPlatforms) = preSolution
		Debug|Any CPU = Debug|Any CPU
		Debug|x64 = Debug|x64
		Release|Any CPU = Release|Any CPU
		Release|x64 = Release|x64
	EndGlobalSection
	GlobalSection(ProjectConfigurationPlatforms) = postSolution
		{D54926E4-F737-4AE6-AB3B-B455617F9CFB}.Debug|Any CPU.ActiveCfg = Debug|Any CPU
		{D54926E4-F737-4AE6-AB3B-B455617F9CFB}.Debug|Any CPU.Build.0 = Debug|Any CPU
		{D54926E4-F737-4AE6-AB3B-B455617F9CFB}.Debug|x64.ActiveCfg = Debug|Any CPU
		{D54926E4-F737-4AE6-AB3B-B455617F9CFB}.Debug|x64.Build.0 = Debug|Any CPU
		{D54926E4-F737-4AE6-AB3B-B455617F9CFB}.Release|Any CPU.ActiveCfg = Release|Any CPU
		{D54926E4-F737-4AE6-AB3B-B455617F9CFB}.Release|Any CPU.Build.0 = Release|Any CPU
		{D54926E4-F737-4AE6-AB3B-B455617F9CFB}.Release|x64.ActiveCfg = Release|Any CPU
		{D54926E4-F737-4AE6-AB3B-B455617F9CFB}.Release|x64.Build.0 = Release|Any CPU
		{82F6445F-19ED-41C9-AA2D-77770C9763DE}.Debug|Any CPU.ActiveCfg = Debug|Any CPU
		{82F6445F-19ED-41C9-AA2D-77770C9763DE}.Debug|Any CPU.Build.0 = Debug|Any CPU
		{82F6445F-19ED-41C9-AA2D-77770C9763DE}.Debug|x64.ActiveCfg = Debug|Any CPU
		{82F6445F-19ED-41C9-AA2D-77770C9763DE}.Debug|x64.Build.0 = Debug|Any CPU
		{82F6445F-19ED-41C9-AA2D-77770C9763DE}.Release|Any CPU.ActiveCfg = Release|Any CPU
		{82F6445F-19ED-41C9-AA2D-77770C9763DE}.Release|Any CPU.Build.0 = Release|Any CPU
		{82F6445F-19ED-41C9-AA2D-77770C9763DE}.Release|x64.ActiveCfg = Release|Any CPU
		{82F6445F-19ED-41C9-AA2D-77770C9763DE}.Release|x64.Build.0 = Release|Any CPU
		{DBCCF096-D1F7-4315-8181-FD93227BC7F1}.Debug|Any CPU.ActiveCfg = Debug|Any CPU
		{DBCCF096-D1F7-4315-8181-FD93227BC7F1}.Debug|Any CPU.Build.0 = Debug|Any CPU
		{DBCCF096-D1F7-4315-8181-FD93227BC7F1}.Debug|x64.ActiveCfg = Debug|Any CPU
		{DBCCF096-D1F7-4315-8181-FD93227BC7F1}.Debug|x64.Build.0 = Debug|Any CPU
		{DBCCF096-D1F7-4315-8181-FD93227BC7F1}.Release|Any CPU.ActiveCfg = Release|Any CPU
		{DBCCF096-D1F7-4315-8181-FD93227BC7F1}.Release|Any CPU.Build.0 = Release|Any CPU
		{DBCCF096-D1F7-4315-8181-FD93227BC7F1}.Release|x64.ActiveCfg = Release|Any CPU
		{DBCCF096-D1F7-4315-8181-FD93227BC7F1}.Release|x64.Build.0 = Release|Any CPU
		{138CDE7A-F43F-4DD8-8FE2-2C485F8F7700}.Debug|Any CPU.ActiveCfg = Debug|Any CPU
		{138CDE7A-F43F-4DD8-8FE2-2C485F8F7700}.Debug|Any CPU.Build.0 = Debug|Any CPU
		{138CDE7A-F43F-4DD8-8FE2-2C485F8F7700}.Debug|x64.ActiveCfg = Debug|Any CPU
		{138CDE7A-F43F-4DD8-8FE2-2C485F8F7700}.Debug|x64.Build.0 = Debug|Any CPU
		{138CDE7A-F43F-4DD8-8FE2-2C485F8F7700}.Release|Any CPU.ActiveCfg = Release|Any CPU
		{138CDE7A-F43F-4DD8-8FE2-2C485F8F7700}.Release|Any CPU.Build.0 = Release|Any CPU
		{138CDE7A-F43F-4DD8-8FE2-2C485F8F7700}.Release|x64.ActiveCfg = Release|Any CPU
		{138CDE7A-F43F-4DD8-8FE2-2C485F8F7700}.Release|x64.Build.0 = Release|Any CPU
		{141E2EDE-E55D-4D52-A253-1B880AFF509B}.Debug|Any CPU.ActiveCfg = Debug|Any CPU
		{141E2EDE-E55D-4D52-A253-1B880AFF509B}.Debug|Any CPU.Build.0 = Debug|Any CPU
		{141E2EDE-E55D-4D52-A253-1B880AFF509B}.Debug|x64.ActiveCfg = Debug|Any CPU
		{141E2EDE-E55D-4D52-A253-1B880AFF509B}.Debug|x64.Build.0 = Debug|Any CPU
		{141E2EDE-E55D-4D52-A253-1B880AFF509B}.Release|Any CPU.ActiveCfg = Release|Any CPU
		{141E2EDE-E55D-4D52-A253-1B880AFF509B}.Release|Any CPU.Build.0 = Release|Any CPU
		{141E2EDE-E55D-4D52-A253-1B880AFF509B}.Release|x64.ActiveCfg = Release|Any CPU
		{141E2EDE-E55D-4D52-A253-1B880AFF509B}.Release|x64.Build.0 = Release|Any CPU
		{CA4EDB45-2785-419A-AB63-113365A927CF}.Debug|Any CPU.ActiveCfg = Debug|Any CPU
		{CA4EDB45-2785-419A-AB63-113365A927CF}.Debug|Any CPU.Build.0 = Debug|Any CPU
		{CA4EDB45-2785-419A-AB63-113365A927CF}.Debug|x64.ActiveCfg = Debug|Any CPU
		{CA4EDB45-2785-419A-AB63-113365A927CF}.Debug|x64.Build.0 = Debug|Any CPU
		{CA4EDB45-2785-419A-AB63-113365A927CF}.Release|Any CPU.ActiveCfg = Release|Any CPU
		{CA4EDB45-2785-419A-AB63-113365A927CF}.Release|Any CPU.Build.0 = Release|Any CPU
		{CA4EDB45-2785-419A-AB63-113365A927CF}.Release|x64.ActiveCfg = Release|Any CPU
		{CA4EDB45-2785-419A-AB63-113365A927CF}.Release|x64.Build.0 = Release|Any CPU
		{1FEDEBD1-D5FA-4FDC-B904-C5076BC56827}.Debug|Any CPU.ActiveCfg = Debug|Any CPU
		{1FEDEBD1-D5FA-4FDC-B904-C5076BC56827}.Debug|Any CPU.Build.0 = Debug|Any CPU
		{1FEDEBD1-D5FA-4FDC-B904-C5076BC56827}.Debug|x64.ActiveCfg = Debug|Any CPU
		{1FEDEBD1-D5FA-4FDC-B904-C5076BC56827}.Debug|x64.Build.0 = Debug|Any CPU
		{1FEDEBD1-D5FA-4FDC-B904-C5076BC56827}.Release|Any CPU.ActiveCfg = Release|Any CPU
		{1FEDEBD1-D5FA-4FDC-B904-C5076BC56827}.Release|Any CPU.Build.0 = Release|Any CPU
		{1FEDEBD1-D5FA-4FDC-B904-C5076BC56827}.Release|x64.ActiveCfg = Release|Any CPU
		{1FEDEBD1-D5FA-4FDC-B904-C5076BC56827}.Release|x64.Build.0 = Release|Any CPU
		{44DB9E64-C951-423B-BDC5-6AACDCF3BC24}.Debug|Any CPU.ActiveCfg = Debug|Any CPU
		{44DB9E64-C951-423B-BDC5-6AACDCF3BC24}.Debug|Any CPU.Build.0 = Debug|Any CPU
		{44DB9E64-C951-423B-BDC5-6AACDCF3BC24}.Debug|x64.ActiveCfg = Debug|Any CPU
		{44DB9E64-C951-423B-BDC5-6AACDCF3BC24}.Debug|x64.Build.0 = Debug|Any CPU
		{44DB9E64-C951-423B-BDC5-6AACDCF3BC24}.Release|Any CPU.ActiveCfg = Release|Any CPU
		{44DB9E64-C951-423B-BDC5-6AACDCF3BC24}.Release|Any CPU.Build.0 = Release|Any CPU
		{44DB9E64-C951-423B-BDC5-6AACDCF3BC24}.Release|x64.ActiveCfg = Release|Any CPU
		{44DB9E64-C951-423B-BDC5-6AACDCF3BC24}.Release|x64.Build.0 = Release|Any CPU
		{E0A35BD5-BFFC-4C8E-943A-F4D4B2547A8F}.Debug|Any CPU.ActiveCfg = Debug|Any CPU
		{E0A35BD5-BFFC-4C8E-943A-F4D4B2547A8F}.Debug|Any CPU.Build.0 = Debug|Any CPU
		{E0A35BD5-BFFC-4C8E-943A-F4D4B2547A8F}.Debug|x64.ActiveCfg = Debug|Any CPU
		{E0A35BD5-BFFC-4C8E-943A-F4D4B2547A8F}.Debug|x64.Build.0 = Debug|Any CPU
		{E0A35BD5-BFFC-4C8E-943A-F4D4B2547A8F}.Release|Any CPU.ActiveCfg = Release|Any CPU
		{E0A35BD5-BFFC-4C8E-943A-F4D4B2547A8F}.Release|Any CPU.Build.0 = Release|Any CPU
		{E0A35BD5-BFFC-4C8E-943A-F4D4B2547A8F}.Release|x64.ActiveCfg = Release|Any CPU
		{E0A35BD5-BFFC-4C8E-943A-F4D4B2547A8F}.Release|x64.Build.0 = Release|Any CPU
		{73CEC710-2989-4913-9C34-7D7C188A211A}.Debug|Any CPU.ActiveCfg = Debug|Any CPU
		{73CEC710-2989-4913-9C34-7D7C188A211A}.Debug|Any CPU.Build.0 = Debug|Any CPU
		{73CEC710-2989-4913-9C34-7D7C188A211A}.Debug|x64.ActiveCfg = Debug|Any CPU
		{73CEC710-2989-4913-9C34-7D7C188A211A}.Debug|x64.Build.0 = Debug|Any CPU
		{73CEC710-2989-4913-9C34-7D7C188A211A}.Release|Any CPU.ActiveCfg = Release|Any CPU
		{73CEC710-2989-4913-9C34-7D7C188A211A}.Release|Any CPU.Build.0 = Release|Any CPU
		{73CEC710-2989-4913-9C34-7D7C188A211A}.Release|x64.ActiveCfg = Release|Any CPU
		{73CEC710-2989-4913-9C34-7D7C188A211A}.Release|x64.Build.0 = Release|Any CPU
		{6DA72E5A-71ED-462D-8DA9-DDB8F6178116}.Debug|Any CPU.ActiveCfg = Debug|Any CPU
		{6DA72E5A-71ED-462D-8DA9-DDB8F6178116}.Debug|Any CPU.Build.0 = Debug|Any CPU
		{6DA72E5A-71ED-462D-8DA9-DDB8F6178116}.Debug|x64.ActiveCfg = Debug|Any CPU
		{6DA72E5A-71ED-462D-8DA9-DDB8F6178116}.Debug|x64.Build.0 = Debug|Any CPU
		{6DA72E5A-71ED-462D-8DA9-DDB8F6178116}.Release|Any CPU.ActiveCfg = Release|Any CPU
		{6DA72E5A-71ED-462D-8DA9-DDB8F6178116}.Release|Any CPU.Build.0 = Release|Any CPU
		{6DA72E5A-71ED-462D-8DA9-DDB8F6178116}.Release|x64.ActiveCfg = Release|Any CPU
		{6DA72E5A-71ED-462D-8DA9-DDB8F6178116}.Release|x64.Build.0 = Release|Any CPU
		{B87BA50F-C1DD-4528-A08B-D1467D74CFB5}.Debug|Any CPU.ActiveCfg = Debug|Any CPU
		{B87BA50F-C1DD-4528-A08B-D1467D74CFB5}.Debug|Any CPU.Build.0 = Debug|Any CPU
		{B87BA50F-C1DD-4528-A08B-D1467D74CFB5}.Debug|x64.ActiveCfg = Debug|Any CPU
		{B87BA50F-C1DD-4528-A08B-D1467D74CFB5}.Debug|x64.Build.0 = Debug|Any CPU
		{B87BA50F-C1DD-4528-A08B-D1467D74CFB5}.Release|Any CPU.ActiveCfg = Release|Any CPU
		{B87BA50F-C1DD-4528-A08B-D1467D74CFB5}.Release|Any CPU.Build.0 = Release|Any CPU
		{B87BA50F-C1DD-4528-A08B-D1467D74CFB5}.Release|x64.ActiveCfg = Release|Any CPU
		{B87BA50F-C1DD-4528-A08B-D1467D74CFB5}.Release|x64.Build.0 = Release|Any CPU
		{9ADE7441-3E6C-46DA-AA2C-0E6334A193BE}.Debug|Any CPU.ActiveCfg = Debug|Any CPU
		{9ADE7441-3E6C-46DA-AA2C-0E6334A193BE}.Debug|Any CPU.Build.0 = Debug|Any CPU
		{9ADE7441-3E6C-46DA-AA2C-0E6334A193BE}.Debug|x64.ActiveCfg = Debug|Any CPU
		{9ADE7441-3E6C-46DA-AA2C-0E6334A193BE}.Debug|x64.Build.0 = Debug|Any CPU
		{9ADE7441-3E6C-46DA-AA2C-0E6334A193BE}.Release|Any CPU.ActiveCfg = Release|Any CPU
		{9ADE7441-3E6C-46DA-AA2C-0E6334A193BE}.Release|Any CPU.Build.0 = Release|Any CPU
		{9ADE7441-3E6C-46DA-AA2C-0E6334A193BE}.Release|x64.ActiveCfg = Release|Any CPU
		{9ADE7441-3E6C-46DA-AA2C-0E6334A193BE}.Release|x64.Build.0 = Release|Any CPU
		{F90FDA0D-27D7-49D3-93F2-5ABD4EAAE98C}.Debug|Any CPU.ActiveCfg = Debug|Any CPU
		{F90FDA0D-27D7-49D3-93F2-5ABD4EAAE98C}.Debug|Any CPU.Build.0 = Debug|Any CPU
		{F90FDA0D-27D7-49D3-93F2-5ABD4EAAE98C}.Debug|x64.ActiveCfg = Debug|Any CPU
		{F90FDA0D-27D7-49D3-93F2-5ABD4EAAE98C}.Debug|x64.Build.0 = Debug|Any CPU
		{F90FDA0D-27D7-49D3-93F2-5ABD4EAAE98C}.Release|Any CPU.ActiveCfg = Release|Any CPU
		{F90FDA0D-27D7-49D3-93F2-5ABD4EAAE98C}.Release|Any CPU.Build.0 = Release|Any CPU
		{F90FDA0D-27D7-49D3-93F2-5ABD4EAAE98C}.Release|x64.ActiveCfg = Release|Any CPU
		{F90FDA0D-27D7-49D3-93F2-5ABD4EAAE98C}.Release|x64.Build.0 = Release|Any CPU
		{6F50DE66-AA56-41D7-B40C-5B30AD8FA0B6}.Debug|Any CPU.ActiveCfg = Debug|Any CPU
		{6F50DE66-AA56-41D7-B40C-5B30AD8FA0B6}.Debug|Any CPU.Build.0 = Debug|Any CPU
		{6F50DE66-AA56-41D7-B40C-5B30AD8FA0B6}.Debug|x64.ActiveCfg = Debug|Any CPU
		{6F50DE66-AA56-41D7-B40C-5B30AD8FA0B6}.Debug|x64.Build.0 = Debug|Any CPU
		{6F50DE66-AA56-41D7-B40C-5B30AD8FA0B6}.Release|Any CPU.ActiveCfg = Release|Any CPU
		{6F50DE66-AA56-41D7-B40C-5B30AD8FA0B6}.Release|Any CPU.Build.0 = Release|Any CPU
		{6F50DE66-AA56-41D7-B40C-5B30AD8FA0B6}.Release|x64.ActiveCfg = Release|Any CPU
		{6F50DE66-AA56-41D7-B40C-5B30AD8FA0B6}.Release|x64.Build.0 = Release|Any CPU
		{849483E4-5C8D-4E03-9331-222B3C37AC4A}.Debug|Any CPU.ActiveCfg = Debug|Any CPU
		{849483E4-5C8D-4E03-9331-222B3C37AC4A}.Debug|Any CPU.Build.0 = Debug|Any CPU
		{849483E4-5C8D-4E03-9331-222B3C37AC4A}.Debug|x64.ActiveCfg = Debug|Any CPU
		{849483E4-5C8D-4E03-9331-222B3C37AC4A}.Debug|x64.Build.0 = Debug|Any CPU
		{849483E4-5C8D-4E03-9331-222B3C37AC4A}.Release|Any CPU.ActiveCfg = Release|Any CPU
		{849483E4-5C8D-4E03-9331-222B3C37AC4A}.Release|Any CPU.Build.0 = Release|Any CPU
		{849483E4-5C8D-4E03-9331-222B3C37AC4A}.Release|x64.ActiveCfg = Release|Any CPU
		{849483E4-5C8D-4E03-9331-222B3C37AC4A}.Release|x64.Build.0 = Release|Any CPU
		{BBE6B58B-483D-4C59-89C1-65A53B88567A}.Debug|Any CPU.ActiveCfg = Debug|Any CPU
		{BBE6B58B-483D-4C59-89C1-65A53B88567A}.Debug|Any CPU.Build.0 = Debug|Any CPU
		{BBE6B58B-483D-4C59-89C1-65A53B88567A}.Debug|x64.ActiveCfg = Debug|Any CPU
		{BBE6B58B-483D-4C59-89C1-65A53B88567A}.Debug|x64.Build.0 = Debug|Any CPU
		{BBE6B58B-483D-4C59-89C1-65A53B88567A}.Release|Any CPU.ActiveCfg = Release|Any CPU
		{BBE6B58B-483D-4C59-89C1-65A53B88567A}.Release|Any CPU.Build.0 = Release|Any CPU
		{BBE6B58B-483D-4C59-89C1-65A53B88567A}.Release|x64.ActiveCfg = Release|Any CPU
		{BBE6B58B-483D-4C59-89C1-65A53B88567A}.Release|x64.Build.0 = Release|Any CPU
	EndGlobalSection
	GlobalSection(SolutionProperties) = preSolution
		HideSolutionNode = FALSE
	EndGlobalSection
	GlobalSection(NestedProjects) = preSolution
		{CCD66BA7-1414-4D2E-AED1-B911F6757BA6} = {D29C357F-B579-4507-A477-8164697AE01F}
		{8DD15284-7B86-4E05-ABE2-FB508187B054} = {D29C357F-B579-4507-A477-8164697AE01F}
		{B456B582-E0B3-4FDC-AF20-7A761AC97C18} = {D29C357F-B579-4507-A477-8164697AE01F}
		{CB3AFD7A-86D7-4533-8FA4-AE35AEB37846} = {D29C357F-B579-4507-A477-8164697AE01F}
		{5AFAAFCF-7B28-425A-AC20-216761049FFF} = {CCD66BA7-1414-4D2E-AED1-B911F6757BA6}
		{D54926E4-F737-4AE6-AB3B-B455617F9CFB} = {5AFAAFCF-7B28-425A-AC20-216761049FFF}
		{9DBE6BE6-C2EA-4824-9B52-56102561A76D} = {8DD15284-7B86-4E05-ABE2-FB508187B054}
		{82F6445F-19ED-41C9-AA2D-77770C9763DE} = {9DBE6BE6-C2EA-4824-9B52-56102561A76D}
		{DBCCF096-D1F7-4315-8181-FD93227BC7F1} = {9DBE6BE6-C2EA-4824-9B52-56102561A76D}
		{138CDE7A-F43F-4DD8-8FE2-2C485F8F7700} = {9DBE6BE6-C2EA-4824-9B52-56102561A76D}
		{141E2EDE-E55D-4D52-A253-1B880AFF509B} = {9DBE6BE6-C2EA-4824-9B52-56102561A76D}
		{A465F758-32C6-4308-BEA9-D829A4851532} = {CB3AFD7A-86D7-4533-8FA4-AE35AEB37846}
		{680950CC-25A2-418C-B9EB-83FBA6433EBD} = {B456B582-E0B3-4FDC-AF20-7A761AC97C18}
		{CA4EDB45-2785-419A-AB63-113365A927CF} = {680950CC-25A2-418C-B9EB-83FBA6433EBD}
		{63A36BE6-1AD9-4E91-A721-9DC160CB8035} = {B456B582-E0B3-4FDC-AF20-7A761AC97C18}
		{1FEDEBD1-D5FA-4FDC-B904-C5076BC56827} = {63A36BE6-1AD9-4E91-A721-9DC160CB8035}
		{81812F33-938C-47FC-8F86-DBBBAD48C004} = {B456B582-E0B3-4FDC-AF20-7A761AC97C18}
		{44DB9E64-C951-423B-BDC5-6AACDCF3BC24} = {81812F33-938C-47FC-8F86-DBBBAD48C004}
		{853C60C0-FD35-43AB-A821-528E582A0497} = {B456B582-E0B3-4FDC-AF20-7A761AC97C18}
		{E0A35BD5-BFFC-4C8E-943A-F4D4B2547A8F} = {853C60C0-FD35-43AB-A821-528E582A0497}
		{6AEC2909-5C5D-466C-BA09-2F3CF4F65ACB} = {19EBFBE6-F0A3-4829-9C42-C0491FCCB028}
		{73CEC710-2989-4913-9C34-7D7C188A211A} = {6AEC2909-5C5D-466C-BA09-2F3CF4F65ACB}
		{E8286530-4E10-4F82-A485-0BAF5D6DAE6D} = {B456B582-E0B3-4FDC-AF20-7A761AC97C18}
		{6DA72E5A-71ED-462D-8DA9-DDB8F6178116} = {E8286530-4E10-4F82-A485-0BAF5D6DAE6D}
		{6E7E4427-9308-4CC4-BA47-5B08109EF773} = {B456B582-E0B3-4FDC-AF20-7A761AC97C18}
		{B87BA50F-C1DD-4528-A08B-D1467D74CFB5} = {6E7E4427-9308-4CC4-BA47-5B08109EF773}
		{9ADE7441-3E6C-46DA-AA2C-0E6334A193BE} = {6E7E4427-9308-4CC4-BA47-5B08109EF773}
		{F90FDA0D-27D7-49D3-93F2-5ABD4EAAE98C} = {6E7E4427-9308-4CC4-BA47-5B08109EF773}
		{6F50DE66-AA56-41D7-B40C-5B30AD8FA0B6} = {6E7E4427-9308-4CC4-BA47-5B08109EF773}
		{BBE6B58B-483D-4C59-89C1-65A53B88567A} = {A465F758-32C6-4308-BEA9-D829A4851532}
	EndGlobalSection
	GlobalSection(ExtensibilityGlobals) = postSolution
		SolutionGuid = {2ED16E9E-8429-43F6-98C5-A81103C3FCFB}
	EndGlobalSection
EndGlobal
